
Microsoft Visual Studio Solution File, Format Version 12.00
# Visual Studio Version 17
VisualStudioVersion = 17.11.35312.102
MinimumVisualStudioVersion = 10.0.40219.1
Project("{FAE04EC0-301F-11D3-BF4B-00C04F79EFBC}") = "GitGit", "GitGit\GitGit.csproj", "{FE74FAE0-4DD4-4B70-92C2-9085FDC468F0}"
EndProject
Global
	GlobalSection(SolutionConfigurationPlatforms) = preSolution
		Debug|Any CPU = Debug|Any CPU
		Release|Any CPU = Release|Any CPU
	EndGlobalSection
	GlobalSection(ProjectConfigurationPlatforms) = postSolution
		{FE74FAE0-4DD4-4B70-92C2-9085FDC468F0}.Debug|Any CPU.ActiveCfg = Debug|Any CPU
		{FE74FAE0-4DD4-4B70-92C2-9085FDC468F0}.Debug|Any CPU.Build.0 = Debug|Any CPU
		{FE74FAE0-4DD4-4B70-92C2-9085FDC468F0}.Release|Any CPU.ActiveCfg = Release|Any CPU
		{FE74FAE0-4DD4-4B70-92C2-9085FDC468F0}.Release|Any CPU.Build.0 = Release|Any CPU
	EndGlobalSection
	GlobalSection(SolutionProperties) = preSolution
		HideSolutionNode = FALSE
	EndGlobalSection
	GlobalSection(ExtensibilityGlobals) = postSolution
		SolutionGuid = {E99DCC35-9A07-4699-86C6-36B6FBF14150}
	EndGlobalSection
EndGlobal
